<?xml version="1.0" encoding="utf-8"?>
<Project ToolsVersion="4.0" xmlns="http://schemas.microsoft.com/developer/msbuild/2003">
  <ItemGroup>
    <Filter Include="include">
      <UniqueIdentifier>{98d87abf-e933-49a9-af5d-efba8a509dc6}</UniqueIdentifier>
    </Filter>
    <Filter Include="src">
      <UniqueIdentifier>{b04cbb4e-6e7e-47e7-a21c-4c8d10043769}</UniqueIdentifier>
    </Filter>
  </ItemGroup>
  <ItemGroup>
    <ClInclude Include="..\..\include\TMultistack.h">
      <Filter>include</Filter>
    </ClInclude>
    <ClInclude Include="..\..\include\TStack.h">
      <Filter>include</Filter>
    </ClInclude>
  </ItemGroup>
  <ItemGroup>
    <ClCompile Include="..\..\src\TMultistack.cpp">
      <Filter>src</Filter>
    </ClCompile>
  </ItemGroup>
</Project>