<?xml version="1.0" encoding="utf-8"?>
<Project ToolsVersion="4.0" xmlns="http://schemas.microsoft.com/developer/msbuild/2003">
  <ItemGroup>
    <Filter Include="include">
      <UniqueIdentifier>{cc69aa16-969c-430e-a5d5-0e37d0216f21}</UniqueIdentifier>
    </Filter>
    <Filter Include="src">
      <UniqueIdentifier>{f09475c9-08af-4ede-8085-5e4f1be4f1b2}</UniqueIdentifier>
    </Filter>
  </ItemGroup>
  <ItemGroup>
    <ClInclude Include="..\..\include\TMatrix.h">
      <Filter>include</Filter>
    </ClInclude>
    <ClInclude Include="..\..\include\TVector.h">
      <Filter>include</Filter>
    </ClInclude>
    <ClInclude Include="..\..\include\TBandMatrix.h">
      <Filter>include</Filter>
    </ClInclude>
  </ItemGroup>
  <ItemGroup>
    <ClCompile Include="..\..\src\TMatrix.cpp">
      <Filter>src</Filter>
    </ClCompile>
    <ClCompile Include="..\..\src\TVector.cpp">
      <Filter>src</Filter>
    </ClCompile>
    <ClCompile Include="..\..\src\TBandMatrix.cpp">
      <Filter>src</Filter>
    </ClCompile>
  </ItemGroup>
</Project>