
Microsoft Visual Studio Solution File, Format Version 12.00
# Visual Studio Version 16
VisualStudioVersion = 16.0.29806.167
MinimumVisualStudioVersion = 10.0.40219.1
Project("{8BC9CEB8-8B4A-11D0-8D11-00A0C91BC942}") = "multistack", "multistack\multistack.vcxproj", "{D2039720-6E19-4EB5-A7E0-781C0C23B83F}"
EndProject
Project("{8BC9CEB8-8B4A-11D0-8D11-00A0C91BC942}") = "sample", "sample\sample.vcxproj", "{054E3CD3-B5E6-4BA0-AAF0-539D2BE22163}"
EndProject
Project("{8BC9CEB8-8B4A-11D0-8D11-00A0C91BC942}") = "tests", "tests\tests.vcxproj", "{46FEC01E-4D49-4802-A835-2219E0590AFF}"
EndProject
Global
	GlobalSection(SolutionConfigurationPlatforms) = preSolution
		Debug|x64 = Debug|x64
		Debug|x86 = Debug|x86
		Release|x64 = Release|x64
		Release|x86 = Release|x86
	EndGlobalSection
	GlobalSection(ProjectConfigurationPlatforms) = postSolution
		{D2039720-6E19-4EB5-A7E0-781C0C23B83F}.Debug|x64.ActiveCfg = Debug|x64
		{D2039720-6E19-4EB5-A7E0-781C0C23B83F}.Debug|x64.Build.0 = Debug|x64
		{D2039720-6E19-4EB5-A7E0-781C0C23B83F}.Debug|x86.ActiveCfg = Debug|Win32
		{D2039720-6E19-4EB5-A7E0-781C0C23B83F}.Debug|x86.Build.0 = Debug|Win32
		{D2039720-6E19-4EB5-A7E0-781C0C23B83F}.Release|x64.ActiveCfg = Release|x64
		{D2039720-6E19-4EB5-A7E0-781C0C23B83F}.Release|x64.Build.0 = Release|x64
		{D2039720-6E19-4EB5-A7E0-781C0C23B83F}.Release|x86.ActiveCfg = Release|Win32
		{D2039720-6E19-4EB5-A7E0-781C0C23B83F}.Release|x86.Build.0 = Release|Win32
		{054E3CD3-B5E6-4BA0-AAF0-539D2BE22163}.Debug|x64.ActiveCfg = Debug|x64
		{054E3CD3-B5E6-4BA0-AAF0-539D2BE22163}.Debug|x64.Build.0 = Debug|x64
		{054E3CD3-B5E6-4BA0-AAF0-539D2BE22163}.Debug|x86.ActiveCfg = Debug|Win32
		{054E3CD3-B5E6-4BA0-AAF0-539D2BE22163}.Debug|x86.Build.0 = Debug|Win32
		{054E3CD3-B5E6-4BA0-AAF0-539D2BE22163}.Release|x64.ActiveCfg = Release|x64
		{054E3CD3-B5E6-4BA0-AAF0-539D2BE22163}.Release|x64.Build.0 = Release|x64
		{054E3CD3-B5E6-4BA0-AAF0-539D2BE22163}.Release|x86.ActiveCfg = Release|Win32
		{054E3CD3-B5E6-4BA0-AAF0-539D2BE22163}.Release|x86.Build.0 = Release|Win32
		{46FEC01E-4D49-4802-A835-2219E0590AFF}.Debug|x64.ActiveCfg = Debug|x64
		{46FEC01E-4D49-4802-A835-2219E0590AFF}.Debug|x64.Build.0 = Debug|x64
		{46FEC01E-4D49-4802-A835-2219E0590AFF}.Debug|x86.ActiveCfg = Debug|Win32
		{46FEC01E-4D49-4802-A835-2219E0590AFF}.Debug|x86.Build.0 = Debug|Win32
		{46FEC01E-4D49-4802-A835-2219E0590AFF}.Release|x64.ActiveCfg = Release|x64
		{46FEC01E-4D49-4802-A835-2219E0590AFF}.Release|x64.Build.0 = Release|x64
		{46FEC01E-4D49-4802-A835-2219E0590AFF}.Release|x86.ActiveCfg = Release|Win32
		{46FEC01E-4D49-4802-A835-2219E0590AFF}.Release|x86.Build.0 = Release|Win32
	EndGlobalSection
	GlobalSection(SolutionProperties) = preSolution
		HideSolutionNode = FALSE
	EndGlobalSection
	GlobalSection(ExtensibilityGlobals) = postSolution
		SolutionGuid = {D82CA91B-1FFD-4CF4-8514-5DF95B9600BD}
	EndGlobalSection
EndGlobal
