
Microsoft Visual Studio Solution File, Format Version 12.00
# Visual Studio Version 16
VisualStudioVersion = 16.0.30621.155
MinimumVisualStudioVersion = 10.0.40219.1
Project("{8BC9CEB8-8B4A-11D0-8D11-00A0C91BC942}") = "bitfield", "bitfield\bitfield.vcxproj", "{D02DC392-3879-4BFB-B417-4E22102605BF}"
EndProject
Project("{8BC9CEB8-8B4A-11D0-8D11-00A0C91BC942}") = "set", "set\set.vcxproj", "{20AE36A1-E31E-4D1C-B899-FF6EB04032B0}"
EndProject
Project("{8BC9CEB8-8B4A-11D0-8D11-00A0C91BC942}") = "sample", "sample\sample.vcxproj", "{498E3BC8-AE59-476F-85F7-9EB5805728AB}"
EndProject
Global
	GlobalSection(SolutionConfigurationPlatforms) = preSolution
		Debug|x64 = Debug|x64
		Debug|x86 = Debug|x86
		Release|x64 = Release|x64
		Release|x86 = Release|x86
	EndGlobalSection
	GlobalSection(ProjectConfigurationPlatforms) = postSolution
		{D02DC392-3879-4BFB-B417-4E22102605BF}.Debug|x64.ActiveCfg = Debug|x64
		{D02DC392-3879-4BFB-B417-4E22102605BF}.Debug|x64.Build.0 = Debug|x64
		{D02DC392-3879-4BFB-B417-4E22102605BF}.Debug|x86.ActiveCfg = Debug|Win32
		{D02DC392-3879-4BFB-B417-4E22102605BF}.Debug|x86.Build.0 = Debug|Win32
		{D02DC392-3879-4BFB-B417-4E22102605BF}.Release|x64.ActiveCfg = Release|x64
		{D02DC392-3879-4BFB-B417-4E22102605BF}.Release|x64.Build.0 = Release|x64
		{D02DC392-3879-4BFB-B417-4E22102605BF}.Release|x86.ActiveCfg = Release|Win32
		{D02DC392-3879-4BFB-B417-4E22102605BF}.Release|x86.Build.0 = Release|Win32
		{20AE36A1-E31E-4D1C-B899-FF6EB04032B0}.Debug|x64.ActiveCfg = Debug|x64
		{20AE36A1-E31E-4D1C-B899-FF6EB04032B0}.Debug|x64.Build.0 = Debug|x64
		{20AE36A1-E31E-4D1C-B899-FF6EB04032B0}.Debug|x86.ActiveCfg = Debug|Win32
		{20AE36A1-E31E-4D1C-B899-FF6EB04032B0}.Debug|x86.Build.0 = Debug|Win32
		{20AE36A1-E31E-4D1C-B899-FF6EB04032B0}.Release|x64.ActiveCfg = Release|x64
		{20AE36A1-E31E-4D1C-B899-FF6EB04032B0}.Release|x64.Build.0 = Release|x64
		{20AE36A1-E31E-4D1C-B899-FF6EB04032B0}.Release|x86.ActiveCfg = Release|Win32
		{20AE36A1-E31E-4D1C-B899-FF6EB04032B0}.Release|x86.Build.0 = Release|Win32
		{498E3BC8-AE59-476F-85F7-9EB5805728AB}.Debug|x64.ActiveCfg = Debug|x64
		{498E3BC8-AE59-476F-85F7-9EB5805728AB}.Debug|x64.Build.0 = Debug|x64
		{498E3BC8-AE59-476F-85F7-9EB5805728AB}.Debug|x86.ActiveCfg = Debug|Win32
		{498E3BC8-AE59-476F-85F7-9EB5805728AB}.Debug|x86.Build.0 = Debug|Win32
		{498E3BC8-AE59-476F-85F7-9EB5805728AB}.Release|x64.ActiveCfg = Release|x64
		{498E3BC8-AE59-476F-85F7-9EB5805728AB}.Release|x64.Build.0 = Release|x64
		{498E3BC8-AE59-476F-85F7-9EB5805728AB}.Release|x86.ActiveCfg = Release|Win32
		{498E3BC8-AE59-476F-85F7-9EB5805728AB}.Release|x86.Build.0 = Release|Win32
	EndGlobalSection
	GlobalSection(SolutionProperties) = preSolution
		HideSolutionNode = FALSE
	EndGlobalSection
	GlobalSection(ExtensibilityGlobals) = postSolution
		SolutionGuid = {92FAD734-7358-4789-95DE-E8C8AF9798A2}
	EndGlobalSection
EndGlobal
