<?xml version="1.0" encoding="utf-8"?>
<Project ToolsVersion="4.0" xmlns="http://schemas.microsoft.com/developer/msbuild/2003">
  <ItemGroup>
    <Filter Include="include">
      <UniqueIdentifier>{3558d010-3cdf-480b-9631-57448d6cbee7}</UniqueIdentifier>
    </Filter>
    <Filter Include="src">
      <UniqueIdentifier>{132bacf5-f6b3-41b5-a7c5-f883911be4df}</UniqueIdentifier>
    </Filter>
  </ItemGroup>
  <ItemGroup>
    <ClInclude Include="..\..\include\TBase.h">
      <Filter>include</Filter>
    </ClInclude>
    <ClInclude Include="..\..\include\TCanvas.h">
      <Filter>include</Filter>
    </ClInclude>
    <ClInclude Include="..\..\include\TLine.h">
      <Filter>include</Filter>
    </ClInclude>
    <ClInclude Include="..\..\include\TPlex.h">
      <Filter>include</Filter>
    </ClInclude>
    <ClInclude Include="..\..\include\TPoint.h">
      <Filter>include</Filter>
    </ClInclude>
    <ClInclude Include="..\..\include\TSquare.h">
      <Filter>include</Filter>
    </ClInclude>
    <ClInclude Include="..\..\include\TCircle.h">
      <Filter>include</Filter>
    </ClInclude>
    <ClInclude Include="..\..\include\TStack.h">
      <Filter>include</Filter>
    </ClInclude>
  </ItemGroup>
  <ItemGroup>
    <ClCompile Include="..\..\src\TCanvas.cpp">
      <Filter>src</Filter>
    </ClCompile>
    <ClCompile Include="..\..\src\TLine.cpp">
      <Filter>src</Filter>
    </ClCompile>
    <ClCompile Include="..\..\src\TPlex.cpp">
      <Filter>src</Filter>
    </ClCompile>
    <ClCompile Include="..\..\src\TPoint.cpp">
      <Filter>src</Filter>
    </ClCompile>
    <ClCompile Include="..\..\src\TSquare.cpp">
      <Filter>src</Filter>
    </ClCompile>
    <ClCompile Include="..\..\src\TCircle.cpp">
      <Filter>src</Filter>
    </ClCompile>
  </ItemGroup>
</Project>