<?xml version="1.0" encoding="utf-8"?>
<Project ToolsVersion="4.0" xmlns="http://schemas.microsoft.com/developer/msbuild/2003">
  <ItemGroup>
    <Filter Include="include">
      <UniqueIdentifier>{fe5e1600-e1f7-4d0f-84ec-969209c17f7d}</UniqueIdentifier>
    </Filter>
    <Filter Include="src">
      <UniqueIdentifier>{ec889a14-7210-47bb-bba4-72ed08e79622}</UniqueIdentifier>
    </Filter>
  </ItemGroup>
  <ItemGroup>
    <ClInclude Include="..\..\include\TMonomial.h">
      <Filter>include</Filter>
    </ClInclude>
    <ClInclude Include="..\..\include\TPolynomial.h">
      <Filter>include</Filter>
    </ClInclude>
    <ClInclude Include="..\..\include\TMList.h">
      <Filter>include</Filter>
    </ClInclude>
  </ItemGroup>
  <ItemGroup>
    <ClCompile Include="..\..\src\TMonomial.cpp">
      <Filter>src</Filter>
    </ClCompile>
    <ClCompile Include="..\..\src\TPolynomial.cpp">
      <Filter>src</Filter>
    </ClCompile>
    <ClCompile Include="..\..\src\TMList.cpp">
      <Filter>src</Filter>
    </ClCompile>
  </ItemGroup>
</Project>