<?xml version="1.0" encoding="utf-8"?>
<Project ToolsVersion="4.0" xmlns="http://schemas.microsoft.com/developer/msbuild/2003">
  <ItemGroup>
    <Filter Include="tests">
      <UniqueIdentifier>{d928c8f4-39be-484a-8fce-fe61eeeb1aad}</UniqueIdentifier>
    </Filter>
  </ItemGroup>
  <ItemGroup>
    <ClCompile Include="..\..\tests\TQueue.cpp">
      <Filter>tests</Filter>
    </ClCompile>
  </ItemGroup>
</Project>