<?xml version="1.0" encoding="utf-8"?>
<Project ToolsVersion="4.0" xmlns="http://schemas.microsoft.com/developer/msbuild/2003">
  <ItemGroup>
    <Filter Include="include">
      <UniqueIdentifier>{61ba29ae-9c09-446c-8db1-6aefb418af93}</UniqueIdentifier>
    </Filter>
    <Filter Include="src">
      <UniqueIdentifier>{d49a1fb9-fa55-4a7e-96d3-b08fb2c59791}</UniqueIdentifier>
    </Filter>
  </ItemGroup>
  <ItemGroup>
    <ClInclude Include="..\..\include\Postfix.h">
      <Filter>include</Filter>
    </ClInclude>
    <ClInclude Include="..\..\include\TStack.h">
      <Filter>include</Filter>
    </ClInclude>
    <ClInclude Include="..\..\include\Exception.h">
      <Filter>include</Filter>
    </ClInclude>
  </ItemGroup>
  <ItemGroup>
    <ClCompile Include="..\..\src\Postfix.cpp">
      <Filter>src</Filter>
    </ClCompile>
  </ItemGroup>
</Project>